// !$*UTF8*$!
{
	archiveVersion = 1;
	classes = {
	};
	objectVersion = 50;
	objects = {

/* Begin PBXBuildFile section */
		CEC1532524B9DFA8000F5025 /* AppDelegate.swift in Sources */ = {isa = PBXBuildFile; fileRef = CEC1532424B9DFA8000F5025 /* AppDelegate.swift */; };
		CEC1532724B9DFA8000F5025 /* SceneDelegate.swift in Sources */ = {isa = PBXBuildFile; fileRef = CEC1532624B9DFA8000F5025 /* SceneDelegate.swift */; };
		CEC1532924B9DFA8000F5025 /* ViewController.swift in Sources */ = {isa = PBXBuildFile; fileRef = CEC1532824B9DFA8000F5025 /* ViewController.swift */; };
		CEC1532C24B9DFA8000F5025 /* Main.storyboard in Resources */ = {isa = PBXBuildFile; fileRef = CEC1532A24B9DFA8000F5025 /* Main.storyboard */; };
		CEC1532E24B9DFA9000F5025 /* Assets.xcassets in Resources */ = {isa = PBXBuildFile; fileRef = CEC1532D24B9DFA9000F5025 /* Assets.xcassets */; };
		CEC1533124B9DFA9000F5025 /* LaunchScreen.storyboard in Resources */ = {isa = PBXBuildFile; fileRef = CEC1532F24B9DFA9000F5025 /* LaunchScreen.storyboard */; };
/* End PBXBuildFile section */

/* Begin PBXFileReference section */
		CEC1532124B9DFA8000F5025 /* KVO | KVC.app */ = {isa = PBXFileReference; explicitFileType = wrapper.application; includeInIndex = 0; path = "KVO | KVC.app"; sourceTree = BUILT_PRODUCTS_DIR; };
		CEC1532424B9DFA8000F5025 /* AppDelegate.swift */ = {isa = PBXFileReference; lastKnownFileType = sourcecode.swift; path = AppDelegate.swift; sourceTree = "<group>"; };
		CEC1532624B9DFA8000F5025 /* SceneDelegate.swift */ = {isa = PBXFileReference; lastKnownFileType = sourcecode.swift; path = SceneDelegate.swift; sourceTree = "<group>"; };
		CEC1532824B9DFA8000F5025 /* ViewController.swift */ = {isa = PBXFileReference; lastKnownFileType = sourcecode.swift; path = ViewController.swift; sourceTree = "<group>"; };
		CEC1532B24B9DFA8000F5025 /* Base */ = {isa = PBXFileReference; lastKnownFileType = file.storyboard; name = Base; path = Base.lproj/Main.storyboard; sourceTree = "<group>"; };
		CEC1532D24B9DFA9000F5025 /* Assets.xcassets */ = {isa = PBXFileReference; lastKnownFileType = folder.assetcatalog; path = Assets.xcassets; sourceTree = "<group>"; };
		CEC1533024B9DFA9000F5025 /* Base */ = {isa = PBXFileReference; lastKnownFileType = file.storyboard; name = Base; path = Base.lproj/LaunchScreen.storyboard; sourceTree = "<group>"; };
		CEC1533224B9DFA9000F5025 /* Info.plist */ = {isa = PBXFileReference; lastKnownFileType = text.plist.xml; path = Info.plist; sourceTree = "<group>"; };
/* End PBXFileReference section */

/* Begin PBXFrameworksBuildPhase section */
		CEC1531E24B9DFA8000F5025 /* Frameworks */ = {
			isa = PBXFrameworksBuildPhase;
			buildActionMask = 2147483647;
			files = (
			);
			runOnlyForDeploymentPostprocessing = 0;
		};
/* End PBXFrameworksBuildPhase section */

/* Begin PBXGroup section */
		CEC1531824B9DFA8000F5025 = {
			isa = PBXGroup;
			children = (
				CEC1532324B9DFA8000F5025 /* KVO | KVC */,
				CEC1532224B9DFA8000F5025 /* Products */,
			);
			sourceTree = "<group>";
		};
		CEC1532224B9DFA8000F5025 /* Products */ = {
			isa = PBXGroup;
			children = (
				CEC1532124B9DFA8000F5025 /* KVO | KVC.app */,
			);
			name = Products;
			sourceTree = "<group>";
		};
		CEC1532324B9DFA8000F5025 /* KVO | KVC */ = {
			isa = PBXGroup;
			children = (
				CEC1532424B9DFA8000F5025 /* AppDelegate.swift */,
				CEC1532624B9DFA8000F5025 /* SceneDelegate.swift */,
				CEC1532824B9DFA8000F5025 /* ViewController.swift */,
				CEC1532A24B9DFA8000F5025 /* Main.storyboard */,
				CEC1532D24B9DFA9000F5025 /* Assets.xcassets */,
				CEC1532F24B9DFA9000F5025 /* LaunchScreen.storyboard */,
				CEC1533224B9DFA9000F5025 /* Info.plist */,
			);
			path = "KVO | KVC";
			sourceTree = "<group>";
		};
/* End PBXGroup section */

/* Begin PBXNativeTarget section */
		CEC1532024B9DFA8000F5025 /* KVO | KVC */ = {
			isa = PBXNativeTarget;
			buildConfigurationList = CEC1533524B9DFA9000F5025 /* Build configuration list for PBXNativeTarget "KVO | KVC" */;
			buildPhases = (
				CEC1531D24B9DFA8000F5025 /* Sources */,
				CEC1531E24B9DFA8000F5025 /* Frameworks */,
				CEC1531F24B9DFA8000F5025 /* Resources */,
			);
			buildRules = (
			);
			dependencies = (
			);
			name = "KVO | KVC";
			productName = "KVO | KVC";
			productReference = CEC1532124B9DFA8000F5025 /* KVO | KVC.app */;
			productType = "com.apple.product-type.application";
		};
/* End PBXNativeTarget section */

/* Begin PBXProject section */
		CEC1531924B9DFA8000F5025 /* Project object */ = {
			isa = PBXProject;
			attributes = {
				LastSwiftUpdateCheck = 1150;
				LastUpgradeCheck = 1150;
				ORGANIZATIONNAME = leslie;
				TargetAttributes = {
					CEC1532024B9DFA8000F5025 = {
						CreatedOnToolsVersion = 11.5;
					};
				};
			};
			buildConfigurationList = CEC1531C24B9DFA8000F5025 /* Build configuration list for PBXProject "KVO | KVC" */;
			compatibilityVersion = "Xcode 9.3";
			developmentRegion = en;
			hasScannedForEncodings = 0;
			knownRegions = (
				en,
				Base,
			);
			mainGroup = CEC1531824B9DFA8000F5025;
			productRefGroup = CEC1532224B9DFA8000F5025 /* Products */;
			projectDirPath = "";
			projectRoot = "";
			targets = (
				CEC1532024B9DFA8000F5025 /* KVO | KVC */,
			);
		};
/* End PBXProject section */

/* Begin PBXResourcesBuildPhase section */
		CEC1531F24B9DFA8000F5025 /* Resources */ = {
			isa = PBXResourcesBuildPhase;
			buildActionMask = 2147483647;
			files = (
				CEC1533124B9DFA9000F5025 /* LaunchScreen.storyboard in Resources */,
				CEC1532E24B9DFA9000F5025 /* Assets.xcassets in Resources */,
				CEC1532C24B9DFA8000F5025 /* Main.storyboard in Resources */,
			);
			runOnlyForDeploymentPostprocessing = 0;
		};
/* End PBXResourcesBuildPhase section */

/* Begin PBXSourcesBuildPhase section */
		CEC1531D24B9DFA8000F5025 /* Sources */ = {
			isa = PBXSourcesBuildPhase;
			buildActionMask = 2147483647;
			files = (
				CEC1532924B9DFA8000F5025 /* ViewController.swift in Sources */,
				CEC1532524B9DFA8000F5025 /* AppDelegate.swift in Sources */,
				CEC1532724B9DFA8000F5025 /* SceneDelegate.swift in Sources */,
			);
			runOnlyForDeploymentPostprocessing = 0;
		};
/* End PBXSourcesBuildPhase section */

/* Begin PBXVariantGroup section */
		CEC1532A24B9DFA8000F5025 /* Main.storyboard */ = {
			isa = PBXVariantGroup;
			children = (
				CEC1532B24B9DFA8000F5025 /* Base */,
			);
			name = Main.storyboard;
			sourceTree = "<group>";
		};
		CEC1532F24B9DFA9000F5025 /* LaunchScreen.storyboard */ = {
			isa = PBXVariantGroup;
			children = (
				CEC1533024B9DFA9000F5025 /* Base */,
			);
			name = LaunchScreen.storyboard;
			sourceTree = "<group>";
		};
/* End PBXVariantGroup section */

/* Begin XCBuildConfiguration section */
		CEC1533324B9DFA9000F5025 /* Debug */ = {
			isa = XCBuildConfiguration;
			buildSettings = {
				ALWAYS_SEARCH_USER_PATHS = NO;
				CLANG_ANALYZER_NONNULL = YES;
				CLANG_ANALYZER_NUMBER_OBJECT_CONVERSION = YES_AGGRESSIVE;
				CLANG_CXX_LANGUAGE_STANDARD = "gnu++14";
				CLANG_CXX_LIBRARY = "libc++";
				CLANG_ENABLE_MODULES = YES;
				CLANG_ENABLE_OBJC_ARC = YES;
				CLANG_ENABLE_OBJC_WEAK = YES;
				CLANG_WARN_BLOCK_CAPTURE_AUTORELEASING = YES;
				CLANG_WARN_BOOL_CONVERSION = YES;
				CLANG_WARN_COMMA = YES;
				CLANG_WARN_CONSTANT_CONVERSION = YES;
				CLANG_WARN_DEPRECATED_OBJC_IMPLEMENTATIONS = YES;
				CLANG_WARN_DIRECT_OBJC_ISA_USAGE = YES_ERROR;
				CLANG_WARN_DOCUMENTATION_COMMENTS = YES;
				CLANG_WARN_EMPTY_BODY = YES;
				CLANG_WARN_ENUM_CONVERSION = YES;
				CLANG_WARN_INFINITE_RECURSION = YES;
				CLANG_WARN_INT_CONVERSION = YES;
				CLANG_WARN_NON_LITERAL_NULL_CONVERSION = YES;
				CLANG_WARN_OBJC_IMPLICIT_RETAIN_SELF = YES;
				CLANG_WARN_OBJC_LITERAL_CONVERSION = YES;
				CLANG_WARN_OBJC_ROOT_CLASS = YES_ERROR;
				CLANG_WARN_RANGE_LOOP_ANALYSIS = YES;
				CLANG_WARN_STRICT_PROTOTYPES = YES;
				CLANG_WARN_SUSPICIOUS_MOVE = YES;
				CLANG_WARN_UNGUARDED_AVAILABILITY = YES_AGGRESSIVE;
				CLANG_WARN_UNREACHABLE_CODE = YES;
				CLANG_WARN__DUPLICATE_METHOD_MATCH = YES;
				COPY_PHASE_STRIP = NO;
				DEBUG_INFORMATION_FORMAT = dwarf;
				ENABLE_STRICT_OBJC_MSGSEND = YES;
				ENABLE_TESTABILITY = YES;
				GCC_C_LANGUAGE_STANDARD = gnu11;
				GCC_DYNAMIC_NO_PIC = NO;
				GCC_NO_COMMON_BLOCKS = YES;
				GCC_OPTIMIZATION_LEVEL = 0;
				GCC_PREPROCESSOR_DEFINITIONS = (
					"DEBUG=1",
					"$(inherited)",
				);
				GCC_WARN_64_TO_32_BIT_CONVERSION = YES;
				GCC_WARN_ABOUT_RETURN_TYPE = YES_ERROR;
				GCC_WARN_UNDECLARED_SELECTOR = YES;
				GCC_WARN_UNINITIALIZED_AUTOS = YES_AGGRESSIVE;
				GCC_WARN_UNUSED_FUNCTION = YES;
				GCC_WARN_UNUSED_VARIABLE = YES;
				IPHONEOS_DEPLOYMENT_TARGET = 13.5;
				MTL_ENABLE_DEBUG_INFO = INCLUDE_SOURCE;
				MTL_FAST_MATH = YES;
				ONLY_ACTIVE_ARCH = YES;
				SDKROOT = iphoneos;
				SWIFT_ACTIVE_COMPILATION_CONDITIONS = DEBUG;
				SWIFT_OPTIMIZATION_LEVEL = "-Onone";
			};
			name = Debug;
		};
		CEC1533424B9DFA9000F5025 /* Release */ = {
			isa = XCBuildConfiguration;
			buildSettings = {
				ALWAYS_SEARCH_USER_PATHS = NO;
				CLANG_ANALYZER_NONNULL = YES;
				CLANG_ANALYZER_NUMBER_OBJECT_CONVERSION = YES_AGGRESSIVE;
				CLANG_CXX_LANGUAGE_STANDARD = "gnu++14";
				CLANG_CXX_LIBRARY = "libc++";
				CLANG_ENABLE_MODULES = YES;
				CLANG_ENABLE_OBJC_ARC = YES;
				CLANG_ENABLE_OBJC_WEAK = YES;
				CLANG_WARN_BLOCK_CAPTURE_AUTORELEASING = YES;
				CLANG_WARN_BOOL_CONVERSION = YES;
				CLANG_WARN_COMMA = YES;
				CLANG_WARN_CONSTANT_CONVERSION = YES;
				CLANG_WARN_DEPRECATED_OBJC_IMPLEMENTATIONS = YES;
				CLANG_WARN_DIRECT_OBJC_ISA_USAGE = YES_ERROR;
				CLANG_WARN_DOCUMENTATION_COMMENTS = YES;
				CLANG_WARN_EMPTY_BODY = YES;
				CLANG_WARN_ENUM_CONVERSION = YES;
				CLANG_WARN_INFINITE_RECURSION = YES;
				CLANG_WARN_INT_CONVERSION = YES;
				CLANG_WARN_NON_LITERAL_NULL_CONVERSION = YES;
				CLANG_WARN_OBJC_IMPLICIT_RETAIN_SELF = YES;
				CLANG_WARN_OBJC_LITERAL_CONVERSION = YES;
				CLANG_WARN_OBJC_ROOT_CLASS = YES_ERROR;
				CLANG_WARN_RANGE_LOOP_ANALYSIS = YES;
				CLANG_WARN_STRICT_PROTOTYPES = YES;
				CLANG_WARN_SUSPICIOUS_MOVE = YES;
				CLANG_WARN_UNGUARDED_AVAILABILITY = YES_AGGRESSIVE;
				CLANG_WARN_UNREACHABLE_CODE = YES;
				CLANG_WARN__DUPLICATE_METHOD_MATCH = YES;
				COPY_PHASE_STRIP = NO;
				DEBUG_INFORMATION_FORMAT = "dwarf-with-dsym";
				ENABLE_NS_ASSERTIONS = NO;
				ENABLE_STRICT_OBJC_MSGSEND = YES;
				GCC_C_LANGUAGE_STANDARD = gnu11;
				GCC_NO_COMMON_BLOCKS = YES;
				GCC_WARN_64_TO_32_BIT_CONVERSION = YES;
				GCC_WARN_ABOUT_RETURN_TYPE = YES_ERROR;
				GCC_WARN_UNDECLARED_SELECTOR = YES;
				GCC_WARN_UNINITIALIZED_AUTOS = YES_AGGRESSIVE;
				GCC_WARN_UNUSED_FUNCTION = YES;
				GCC_WARN_UNUSED_VARIABLE = YES;
				IPHONEOS_DEPLOYMENT_TARGET = 13.5;
				MTL_ENABLE_DEBUG_INFO = NO;
				MTL_FAST_MATH = YES;
				SDKROOT = iphoneos;
				SWIFT_COMPILATION_MODE = wholemodule;
				SWIFT_OPTIMIZATION_LEVEL = "-O";
				VALIDATE_PRODUCT = YES;
			};
			name = Release;
		};
		CEC1533624B9DFA9000F5025 /* Debug */ = {
			isa = XCBuildConfiguration;
			buildSettings = {
				ASSETCATALOG_COMPILER_APPICON_NAME = AppIcon;
				CODE_SIGN_STYLE = Automatic;
				DEVELOPMENT_TEAM = PDY29GF949;
				INFOPLIST_FILE = "KVO | KVC/Info.plist";
				LD_RUNPATH_SEARCH_PATHS = (
					"$(inherited)",
					"@executable_path/Frameworks",
				);
				PRODUCT_BUNDLE_IDENTIFIER = "com.gmail.appl.leslie.KVO---KVC";
				PRODUCT_NAME = "$(TARGET_NAME)";
				SWIFT_VERSION = 5.0;
				TARGETED_DEVICE_FAMILY = "1,2";
			};
			name = Debug;
		};
		CEC1533724B9DFA9000F5025 /* Release */ = {
			isa = XCBuildConfiguration;
			buildSettings = {
				ASSETCATALOG_COMPILER_APPICON_NAME = AppIcon;
				CODE_SIGN_STYLE = Automatic;
				DEVELOPMENT_TEAM = PDY29GF949;
				INFOPLIST_FILE = "KVO | KVC/Info.plist";
				LD_RUNPATH_SEARCH_PATHS = (
					"$(inherited)",
					"@executable_path/Frameworks",
				);
				PRODUCT_BUNDLE_IDENTIFIER = "com.gmail.appl.leslie.KVO---KVC";
				PRODUCT_NAME = "$(TARGET_NAME)";
				SWIFT_VERSION = 5.0;
				TARGETED_DEVICE_FAMILY = "1,2";
			};
			name = Release;
		};
/* End XCBuildConfiguration section */

/* Begin XCConfigurationList section */
		CEC1531C24B9DFA8000F5025 /* Build configuration list for PBXProject "KVO | KVC" */ = {
			isa = XCConfigurationList;
			buildConfigurations = (
				CEC1533324B9DFA9000F5025 /* Debug */,
				CEC1533424B9DFA9000F5025 /* Release */,
			);
			defaultConfigurationIsVisible = 0;
			defaultConfigurationName = Release;
		};
		CEC1533524B9DFA9000F5025 /* Build configuration list for PBXNativeTarget "KVO | KVC" */ = {
			isa = XCConfigurationList;
			buildConfigurations = (
				CEC1533624B9DFA9000F5025 /* Debug */,
				CEC1533724B9DFA9000F5025 /* Release */,
			);
			defaultConfigurationIsVisible = 0;
			defaultConfigurationName = Release;
		};
/* End XCConfigurationList section */
	};
	rootObject = CEC1531924B9DFA8000F5025 /* Project object */;
}
